
Microsoft Visual Studio Solution File, Format Version 12.00
# Visual Studio Version 17
VisualStudioVersion = 17.2.32516.85
MinimumVisualStudioVersion = 10.0.40219.1
Project("{9A19103F-16F7-4668-BE54-9A1E7A4F7556}") = "Catalogo.Api", "Catalogo.Api\Catalogo.Api.csproj", "{8E71B0FE-F8CB-4E7C-88A4-11388311FBB0}"
EndProject
Project("{E53339B2-1760-4266-BCC7-CA923CBCF16C}") = "docker-compose", "docker-compose.dcproj", "{E3BFBF3B-1F64-4C1E-BE98-02DB54C2AE53}"
EndProject
Project("{9A19103F-16F7-4668-BE54-9A1E7A4F7556}") = "Compras.Api", "Compras.Api\Compras.Api.csproj", "{D782EDE8-F5FB-4237-BF92-90C0B96C8B22}"
EndProject
Project("{9A19103F-16F7-4668-BE54-9A1E7A4F7556}") = "Desconto.Api", "Desconto.Api\Desconto.Api.csproj", "{976B665D-E216-487C-AF5C-240843F536E7}"
EndProject
Project("{FAE04EC0-301F-11D3-BF4B-00C04F79EFBC}") = "Desconto.Grpc", "Desconto.Grpc\Desconto.Grpc.csproj", "{03D62B9C-A02C-403B-B4F1-BE97E159C1BC}"
EndProject
Global
	GlobalSection(SolutionConfigurationPlatforms) = preSolution
		Debug|Any CPU = Debug|Any CPU
		Release|Any CPU = Release|Any CPU
	EndGlobalSection
	GlobalSection(ProjectConfigurationPlatforms) = postSolution
		{8E71B0FE-F8CB-4E7C-88A4-11388311FBB0}.Debug|Any CPU.ActiveCfg = Debug|Any CPU
		{8E71B0FE-F8CB-4E7C-88A4-11388311FBB0}.Debug|Any CPU.Build.0 = Debug|Any CPU
		{8E71B0FE-F8CB-4E7C-88A4-11388311FBB0}.Release|Any CPU.ActiveCfg = Release|Any CPU
		{8E71B0FE-F8CB-4E7C-88A4-11388311FBB0}.Release|Any CPU.Build.0 = Release|Any CPU
		{E3BFBF3B-1F64-4C1E-BE98-02DB54C2AE53}.Debug|Any CPU.ActiveCfg = Debug|Any CPU
		{E3BFBF3B-1F64-4C1E-BE98-02DB54C2AE53}.Debug|Any CPU.Build.0 = Debug|Any CPU
		{E3BFBF3B-1F64-4C1E-BE98-02DB54C2AE53}.Release|Any CPU.ActiveCfg = Release|Any CPU
		{E3BFBF3B-1F64-4C1E-BE98-02DB54C2AE53}.Release|Any CPU.Build.0 = Release|Any CPU
		{D782EDE8-F5FB-4237-BF92-90C0B96C8B22}.Debug|Any CPU.ActiveCfg = Debug|Any CPU
		{D782EDE8-F5FB-4237-BF92-90C0B96C8B22}.Debug|Any CPU.Build.0 = Debug|Any CPU
		{D782EDE8-F5FB-4237-BF92-90C0B96C8B22}.Release|Any CPU.ActiveCfg = Release|Any CPU
		{D782EDE8-F5FB-4237-BF92-90C0B96C8B22}.Release|Any CPU.Build.0 = Release|Any CPU
		{976B665D-E216-487C-AF5C-240843F536E7}.Debug|Any CPU.ActiveCfg = Debug|Any CPU
		{976B665D-E216-487C-AF5C-240843F536E7}.Debug|Any CPU.Build.0 = Debug|Any CPU
		{976B665D-E216-487C-AF5C-240843F536E7}.Release|Any CPU.ActiveCfg = Release|Any CPU
		{976B665D-E216-487C-AF5C-240843F536E7}.Release|Any CPU.Build.0 = Release|Any CPU
		{03D62B9C-A02C-403B-B4F1-BE97E159C1BC}.Debug|Any CPU.ActiveCfg = Debug|Any CPU
		{03D62B9C-A02C-403B-B4F1-BE97E159C1BC}.Debug|Any CPU.Build.0 = Debug|Any CPU
		{03D62B9C-A02C-403B-B4F1-BE97E159C1BC}.Release|Any CPU.ActiveCfg = Release|Any CPU
		{03D62B9C-A02C-403B-B4F1-BE97E159C1BC}.Release|Any CPU.Build.0 = Release|Any CPU
	EndGlobalSection
	GlobalSection(SolutionProperties) = preSolution
		HideSolutionNode = FALSE
	EndGlobalSection
	GlobalSection(ExtensibilityGlobals) = postSolution
		SolutionGuid = {87AE0042-32D1-49AA-AC62-B93545DB954B}
	EndGlobalSection
EndGlobal
